
Microsoft Visual Studio Solution File, Format Version 12.00
# Visual Studio Version 17
VisualStudioVersion = 17.0.32014.148
MinimumVisualStudioVersion = 10.0.40219.1
Project("{FAE04EC0-301F-11D3-BF4B-00C04F79EFBC}") = "PCManager-WPF-NetCore6", "PCManager-WPF-NetCore6\PCManager-WPF-NetCore6.csproj", "{8D5D2614-75C2-438A-A7ED-715E0D044629}"
EndProject
Global
	GlobalSection(SolutionConfigurationPlatforms) = preSolution
		Debug|Any CPU = Debug|Any CPU
		Release|Any CPU = Release|Any CPU
	EndGlobalSection
	GlobalSection(ProjectConfigurationPlatforms) = postSolution
		{8D5D2614-75C2-438A-A7ED-715E0D044629}.Debug|Any CPU.ActiveCfg = Debug|Any CPU
		{8D5D2614-75C2-438A-A7ED-715E0D044629}.Debug|Any CPU.Build.0 = Debug|Any CPU
		{8D5D2614-75C2-438A-A7ED-715E0D044629}.Release|Any CPU.ActiveCfg = Release|Any CPU
		{8D5D2614-75C2-438A-A7ED-715E0D044629}.Release|Any CPU.Build.0 = Release|Any CPU
	EndGlobalSection
	GlobalSection(SolutionProperties) = preSolution
		HideSolutionNode = FALSE
	EndGlobalSection
	GlobalSection(ExtensibilityGlobals) = postSolution
		SolutionGuid = {FFF67583-99B9-460D-9AFD-FC62A51308E5}
	EndGlobalSection
EndGlobal
